
Microsoft Visual Studio Solution File, Format Version 12.00
# Visual Studio 15
VisualStudioVersion = 15.0.28307.1972
MinimumVisualStudioVersion = 10.0.40219.1
Project("{8BC9CEB8-8B4A-11D0-8D11-00A0C91BC942}") = "CurvesLib", "CurvesLib\CurvesLib.vcxproj", "{E1D95902-AF5D-40F3-9B1A-A548FB6EAAC9}"
EndProject
Project("{8BC9CEB8-8B4A-11D0-8D11-00A0C91BC942}") = "CurvesTest", "CurvesTest\CurvesTest.vcxproj", "{04FAB949-A8E5-4128-817C-7A4348D0C812}"
	ProjectSection(ProjectDependencies) = postProject
		{E1D95902-AF5D-40F3-9B1A-A548FB6EAAC9} = {E1D95902-AF5D-40F3-9B1A-A548FB6EAAC9}
	EndProjectSection
EndProject
Global
	GlobalSection(SolutionConfigurationPlatforms) = preSolution
		Debug|x64 = Debug|x64
		Debug|x86 = Debug|x86
		Release|x64 = Release|x64
		Release|x86 = Release|x86
	EndGlobalSection
	GlobalSection(ProjectConfigurationPlatforms) = postSolution
		{E1D95902-AF5D-40F3-9B1A-A548FB6EAAC9}.Debug|x64.ActiveCfg = Debug|x64
		{E1D95902-AF5D-40F3-9B1A-A548FB6EAAC9}.Debug|x64.Build.0 = Debug|x64
		{E1D95902-AF5D-40F3-9B1A-A548FB6EAAC9}.Debug|x86.ActiveCfg = Debug|Win32
		{E1D95902-AF5D-40F3-9B1A-A548FB6EAAC9}.Debug|x86.Build.0 = Debug|Win32
		{E1D95902-AF5D-40F3-9B1A-A548FB6EAAC9}.Release|x64.ActiveCfg = Release|x64
		{E1D95902-AF5D-40F3-9B1A-A548FB6EAAC9}.Release|x64.Build.0 = Release|x64
		{E1D95902-AF5D-40F3-9B1A-A548FB6EAAC9}.Release|x86.ActiveCfg = Release|Win32
		{E1D95902-AF5D-40F3-9B1A-A548FB6EAAC9}.Release|x86.Build.0 = Release|Win32
		{04FAB949-A8E5-4128-817C-7A4348D0C812}.Debug|x64.ActiveCfg = Debug|x64
		{04FAB949-A8E5-4128-817C-7A4348D0C812}.Debug|x64.Build.0 = Debug|x64
		{04FAB949-A8E5-4128-817C-7A4348D0C812}.Debug|x86.ActiveCfg = Debug|Win32
		{04FAB949-A8E5-4128-817C-7A4348D0C812}.Debug|x86.Build.0 = Debug|Win32
		{04FAB949-A8E5-4128-817C-7A4348D0C812}.Release|x64.ActiveCfg = Release|x64
		{04FAB949-A8E5-4128-817C-7A4348D0C812}.Release|x64.Build.0 = Release|x64
		{04FAB949-A8E5-4128-817C-7A4348D0C812}.Release|x86.ActiveCfg = Release|Win32
		{04FAB949-A8E5-4128-817C-7A4348D0C812}.Release|x86.Build.0 = Release|Win32
	EndGlobalSection
	GlobalSection(SolutionProperties) = preSolution
		HideSolutionNode = FALSE
	EndGlobalSection
	GlobalSection(ExtensibilityGlobals) = postSolution
		SolutionGuid = {3628DEF2-5D01-4A7E-9EE5-FBB1EAA90077}
	EndGlobalSection
EndGlobal
